
Microsoft Visual Studio Solution File, Format Version 12.00
# Visual Studio Version 17
VisualStudioVersion = 17.8.34322.80
MinimumVisualStudioVersion = 10.0.40219.1
Project("{FAE04EC0-301F-11D3-BF4B-00C04F79EFBC}") = "2.SIGN UPp", "2.SIGN UPp.csproj", "{598E0B67-A092-46D3-B1B3-05C8FBC318F4}"
EndProject
Global
	GlobalSection(SolutionConfigurationPlatforms) = preSolution
		Debug|Any CPU = Debug|Any CPU
		Release|Any CPU = Release|Any CPU
	EndGlobalSection
	GlobalSection(ProjectConfigurationPlatforms) = postSolution
		{598E0B67-A092-46D3-B1B3-05C8FBC318F4}.Debug|Any CPU.ActiveCfg = Debug|Any CPU
		{598E0B67-A092-46D3-B1B3-05C8FBC318F4}.Debug|Any CPU.Build.0 = Debug|Any CPU
		{598E0B67-A092-46D3-B1B3-05C8FBC318F4}.Release|Any CPU.ActiveCfg = Release|Any CPU
		{598E0B67-A092-46D3-B1B3-05C8FBC318F4}.Release|Any CPU.Build.0 = Release|Any CPU
	EndGlobalSection
	GlobalSection(SolutionProperties) = preSolution
		HideSolutionNode = FALSE
	EndGlobalSection
	GlobalSection(ExtensibilityGlobals) = postSolution
		SolutionGuid = {D013EB56-A9DF-4108-A228-1F4A016E9F7A}
	EndGlobalSection
EndGlobal
